
Microsoft Visual Studio Solution File, Format Version 12.00
# Visual Studio Version 17
VisualStudioVersion = 17.0.31903.59
MinimumVisualStudioVersion = 10.0.40219.1
Project("{FAE04EC0-301F-11D3-BF4B-00C04F79EFBC}") = "HelloWorld", "HelloWorld\HelloWorld.csproj", "{E9B81673-EC0B-4B70-ABB7-1A1114CB7C23}"
EndProject
Project("{FAE04EC0-301F-11D3-BF4B-00C04F79EFBC}") = "ExtremamenteBasico", "ExtremamenteBasico\ExtremamenteBasico.csproj", "{0C9B1928-0F2B-49BE-80E0-3192C51206DB}"
EndProject
Project("{FAE04EC0-301F-11D3-BF4B-00C04F79EFBC}") = "AreaDoCirculo", "AreaDoCirculo\AreaDoCirculo.csproj", "{942EF1AF-72DB-4D3D-BE19-BB4250954A3B}"
EndProject
Project("{FAE04EC0-301F-11D3-BF4B-00C04F79EFBC}") = "SomaSimples", "SomaSimples\SomaSimples.csproj", "{CCA64030-8F26-414C-AFE2-0D162FE9BD5D}"
EndProject
Project("{FAE04EC0-301F-11D3-BF4B-00C04F79EFBC}") = "ProdutoSimples", "ProdutoSimples\ProdutoSimples.csproj", "{C5EA294F-ED6A-4D33-BDDC-67A920695877}"
EndProject
Project("{FAE04EC0-301F-11D3-BF4B-00C04F79EFBC}") = "Media1", "Media1\Media1.csproj", "{6242FB8D-34DF-4D3C-8A95-6927FA166D76}"
EndProject
Project("{FAE04EC0-301F-11D3-BF4B-00C04F79EFBC}") = "Media2", "Media2\Media2.csproj", "{7F957EC5-573A-4EE0-A21B-B2EC2C8CA2E9}"
EndProject
Project("{FAE04EC0-301F-11D3-BF4B-00C04F79EFBC}") = "Diferenca", "Diferenca\Diferenca.csproj", "{20ABAE2C-B944-4CB1-94D2-844490D5B051}"
EndProject
Project("{FAE04EC0-301F-11D3-BF4B-00C04F79EFBC}") = "Salario", "Salario\Salario.csproj", "{59A5E3A0-E765-4477-B5D5-C189C53F62B1}"
EndProject
Project("{FAE04EC0-301F-11D3-BF4B-00C04F79EFBC}") = "SalarioComBonus", "SalarioComBonus\SalarioComBonus.csproj", "{CEFFC4B5-1E66-468C-A884-8734EB5ADC09}"
EndProject
Project("{FAE04EC0-301F-11D3-BF4B-00C04F79EFBC}") = "CalculoSimples", "CalculoSimples\CalculoSimples.csproj", "{FD92FF43-8C93-4C92-B147-1E51735C3AA9}"
EndProject
Project("{FAE04EC0-301F-11D3-BF4B-00C04F79EFBC}") = "Esfera", "Esfera\Esfera.csproj", "{94861D9D-2C38-448F-AAD3-B704E6F99C0E}"
EndProject
Project("{FAE04EC0-301F-11D3-BF4B-00C04F79EFBC}") = "Area", "Area\Area.csproj", "{4545CF14-80E0-4610-89C9-AE913517F099}"
EndProject
Project("{FAE04EC0-301F-11D3-BF4B-00C04F79EFBC}") = "OMaior", "OMaior\OMaior.csproj", "{30499E8E-EF54-4ABA-B8D7-0099ED35296C}"
EndProject
Project("{FAE04EC0-301F-11D3-BF4B-00C04F79EFBC}") = "DistanciaEntreDoisPontos", "DistanciaEntreDoisPontos\DistanciaEntreDoisPontos.csproj", "{F52C8B1A-7403-4B4B-87D7-90FBA00D45F7}"
EndProject
Project("{FAE04EC0-301F-11D3-BF4B-00C04F79EFBC}") = "Cedulas", "Cedulas\Cedulas.csproj", "{D31E3202-2BB6-4FD5-9C69-F20162BF8972}"
EndProject
Project("{FAE04EC0-301F-11D3-BF4B-00C04F79EFBC}") = "IdadeEmDias", "IdadeEmDias\IdadeEmDias.csproj", "{1D3B8E02-7F0D-4350-8921-70C7B1AF00D3}"
EndProject
Project("{FAE04EC0-301F-11D3-BF4B-00C04F79EFBC}") = "NotaseMoedas", "NotaseMoedas\NotaseMoedas.csproj", "{ABF9DC59-DCFF-45D9-ACF4-83FBF2D93E57}"
EndProject
Project("{FAE04EC0-301F-11D3-BF4B-00C04F79EFBC}") = "FormulaDeBhaskara", "FormulaDeBhaskara\FormulaDeBhaskara.csproj", "{70E22ACF-D1DC-4BA8-98A3-000E4EF5F98A}"
EndProject
Project("{FAE04EC0-301F-11D3-BF4B-00C04F79EFBC}") = "TesteDeSelecao1", "TesteDeSelecao1\TesteDeSelecao1.csproj", "{1D9A5611-FB9F-421C-AAA6-C3F68A6B69FB}"
EndProject
Project("{FAE04EC0-301F-11D3-BF4B-00C04F79EFBC}") = "Lanche", "Lanche\Lanche.csproj", "{CEDF8DEE-BF03-4564-8D94-CD91E52AC886}"
EndProject
Global
	GlobalSection(SolutionConfigurationPlatforms) = preSolution
		Debug|Any CPU = Debug|Any CPU
		Release|Any CPU = Release|Any CPU
	EndGlobalSection
	GlobalSection(SolutionProperties) = preSolution
		HideSolutionNode = FALSE
	EndGlobalSection
	GlobalSection(ProjectConfigurationPlatforms) = postSolution
		{E9B81673-EC0B-4B70-ABB7-1A1114CB7C23}.Debug|Any CPU.ActiveCfg = Debug|Any CPU
		{E9B81673-EC0B-4B70-ABB7-1A1114CB7C23}.Debug|Any CPU.Build.0 = Debug|Any CPU
		{E9B81673-EC0B-4B70-ABB7-1A1114CB7C23}.Release|Any CPU.ActiveCfg = Release|Any CPU
		{E9B81673-EC0B-4B70-ABB7-1A1114CB7C23}.Release|Any CPU.Build.0 = Release|Any CPU
		{0C9B1928-0F2B-49BE-80E0-3192C51206DB}.Debug|Any CPU.ActiveCfg = Debug|Any CPU
		{0C9B1928-0F2B-49BE-80E0-3192C51206DB}.Debug|Any CPU.Build.0 = Debug|Any CPU
		{0C9B1928-0F2B-49BE-80E0-3192C51206DB}.Release|Any CPU.ActiveCfg = Release|Any CPU
		{0C9B1928-0F2B-49BE-80E0-3192C51206DB}.Release|Any CPU.Build.0 = Release|Any CPU
		{942EF1AF-72DB-4D3D-BE19-BB4250954A3B}.Debug|Any CPU.ActiveCfg = Debug|Any CPU
		{942EF1AF-72DB-4D3D-BE19-BB4250954A3B}.Debug|Any CPU.Build.0 = Debug|Any CPU
		{942EF1AF-72DB-4D3D-BE19-BB4250954A3B}.Release|Any CPU.ActiveCfg = Release|Any CPU
		{942EF1AF-72DB-4D3D-BE19-BB4250954A3B}.Release|Any CPU.Build.0 = Release|Any CPU
		{CCA64030-8F26-414C-AFE2-0D162FE9BD5D}.Debug|Any CPU.ActiveCfg = Debug|Any CPU
		{CCA64030-8F26-414C-AFE2-0D162FE9BD5D}.Debug|Any CPU.Build.0 = Debug|Any CPU
		{CCA64030-8F26-414C-AFE2-0D162FE9BD5D}.Release|Any CPU.ActiveCfg = Release|Any CPU
		{CCA64030-8F26-414C-AFE2-0D162FE9BD5D}.Release|Any CPU.Build.0 = Release|Any CPU
		{C5EA294F-ED6A-4D33-BDDC-67A920695877}.Debug|Any CPU.ActiveCfg = Debug|Any CPU
		{C5EA294F-ED6A-4D33-BDDC-67A920695877}.Debug|Any CPU.Build.0 = Debug|Any CPU
		{C5EA294F-ED6A-4D33-BDDC-67A920695877}.Release|Any CPU.ActiveCfg = Release|Any CPU
		{C5EA294F-ED6A-4D33-BDDC-67A920695877}.Release|Any CPU.Build.0 = Release|Any CPU
		{6242FB8D-34DF-4D3C-8A95-6927FA166D76}.Debug|Any CPU.ActiveCfg = Debug|Any CPU
		{6242FB8D-34DF-4D3C-8A95-6927FA166D76}.Debug|Any CPU.Build.0 = Debug|Any CPU
		{6242FB8D-34DF-4D3C-8A95-6927FA166D76}.Release|Any CPU.ActiveCfg = Release|Any CPU
		{6242FB8D-34DF-4D3C-8A95-6927FA166D76}.Release|Any CPU.Build.0 = Release|Any CPU
		{7F957EC5-573A-4EE0-A21B-B2EC2C8CA2E9}.Debug|Any CPU.ActiveCfg = Debug|Any CPU
		{7F957EC5-573A-4EE0-A21B-B2EC2C8CA2E9}.Debug|Any CPU.Build.0 = Debug|Any CPU
		{7F957EC5-573A-4EE0-A21B-B2EC2C8CA2E9}.Release|Any CPU.ActiveCfg = Release|Any CPU
		{7F957EC5-573A-4EE0-A21B-B2EC2C8CA2E9}.Release|Any CPU.Build.0 = Release|Any CPU
		{20ABAE2C-B944-4CB1-94D2-844490D5B051}.Debug|Any CPU.ActiveCfg = Debug|Any CPU
		{20ABAE2C-B944-4CB1-94D2-844490D5B051}.Debug|Any CPU.Build.0 = Debug|Any CPU
		{20ABAE2C-B944-4CB1-94D2-844490D5B051}.Release|Any CPU.ActiveCfg = Release|Any CPU
		{20ABAE2C-B944-4CB1-94D2-844490D5B051}.Release|Any CPU.Build.0 = Release|Any CPU
		{59A5E3A0-E765-4477-B5D5-C189C53F62B1}.Debug|Any CPU.ActiveCfg = Debug|Any CPU
		{59A5E3A0-E765-4477-B5D5-C189C53F62B1}.Debug|Any CPU.Build.0 = Debug|Any CPU
		{59A5E3A0-E765-4477-B5D5-C189C53F62B1}.Release|Any CPU.ActiveCfg = Release|Any CPU
		{59A5E3A0-E765-4477-B5D5-C189C53F62B1}.Release|Any CPU.Build.0 = Release|Any CPU
		{CEFFC4B5-1E66-468C-A884-8734EB5ADC09}.Debug|Any CPU.ActiveCfg = Debug|Any CPU
		{CEFFC4B5-1E66-468C-A884-8734EB5ADC09}.Debug|Any CPU.Build.0 = Debug|Any CPU
		{CEFFC4B5-1E66-468C-A884-8734EB5ADC09}.Release|Any CPU.ActiveCfg = Release|Any CPU
		{CEFFC4B5-1E66-468C-A884-8734EB5ADC09}.Release|Any CPU.Build.0 = Release|Any CPU
		{FD92FF43-8C93-4C92-B147-1E51735C3AA9}.Debug|Any CPU.ActiveCfg = Debug|Any CPU
		{FD92FF43-8C93-4C92-B147-1E51735C3AA9}.Debug|Any CPU.Build.0 = Debug|Any CPU
		{FD92FF43-8C93-4C92-B147-1E51735C3AA9}.Release|Any CPU.ActiveCfg = Release|Any CPU
		{FD92FF43-8C93-4C92-B147-1E51735C3AA9}.Release|Any CPU.Build.0 = Release|Any CPU
		{94861D9D-2C38-448F-AAD3-B704E6F99C0E}.Debug|Any CPU.ActiveCfg = Debug|Any CPU
		{94861D9D-2C38-448F-AAD3-B704E6F99C0E}.Debug|Any CPU.Build.0 = Debug|Any CPU
		{94861D9D-2C38-448F-AAD3-B704E6F99C0E}.Release|Any CPU.ActiveCfg = Release|Any CPU
		{94861D9D-2C38-448F-AAD3-B704E6F99C0E}.Release|Any CPU.Build.0 = Release|Any CPU
		{4545CF14-80E0-4610-89C9-AE913517F099}.Debug|Any CPU.ActiveCfg = Debug|Any CPU
		{4545CF14-80E0-4610-89C9-AE913517F099}.Debug|Any CPU.Build.0 = Debug|Any CPU
		{4545CF14-80E0-4610-89C9-AE913517F099}.Release|Any CPU.ActiveCfg = Release|Any CPU
		{4545CF14-80E0-4610-89C9-AE913517F099}.Release|Any CPU.Build.0 = Release|Any CPU
		{30499E8E-EF54-4ABA-B8D7-0099ED35296C}.Debug|Any CPU.ActiveCfg = Debug|Any CPU
		{30499E8E-EF54-4ABA-B8D7-0099ED35296C}.Debug|Any CPU.Build.0 = Debug|Any CPU
		{30499E8E-EF54-4ABA-B8D7-0099ED35296C}.Release|Any CPU.ActiveCfg = Release|Any CPU
		{30499E8E-EF54-4ABA-B8D7-0099ED35296C}.Release|Any CPU.Build.0 = Release|Any CPU
		{F52C8B1A-7403-4B4B-87D7-90FBA00D45F7}.Debug|Any CPU.ActiveCfg = Debug|Any CPU
		{F52C8B1A-7403-4B4B-87D7-90FBA00D45F7}.Debug|Any CPU.Build.0 = Debug|Any CPU
		{F52C8B1A-7403-4B4B-87D7-90FBA00D45F7}.Release|Any CPU.ActiveCfg = Release|Any CPU
		{F52C8B1A-7403-4B4B-87D7-90FBA00D45F7}.Release|Any CPU.Build.0 = Release|Any CPU
		{D31E3202-2BB6-4FD5-9C69-F20162BF8972}.Debug|Any CPU.ActiveCfg = Debug|Any CPU
		{D31E3202-2BB6-4FD5-9C69-F20162BF8972}.Debug|Any CPU.Build.0 = Debug|Any CPU
		{D31E3202-2BB6-4FD5-9C69-F20162BF8972}.Release|Any CPU.ActiveCfg = Release|Any CPU
		{D31E3202-2BB6-4FD5-9C69-F20162BF8972}.Release|Any CPU.Build.0 = Release|Any CPU
		{1D3B8E02-7F0D-4350-8921-70C7B1AF00D3}.Debug|Any CPU.ActiveCfg = Debug|Any CPU
		{1D3B8E02-7F0D-4350-8921-70C7B1AF00D3}.Debug|Any CPU.Build.0 = Debug|Any CPU
		{1D3B8E02-7F0D-4350-8921-70C7B1AF00D3}.Release|Any CPU.ActiveCfg = Release|Any CPU
		{1D3B8E02-7F0D-4350-8921-70C7B1AF00D3}.Release|Any CPU.Build.0 = Release|Any CPU
		{ABF9DC59-DCFF-45D9-ACF4-83FBF2D93E57}.Debug|Any CPU.ActiveCfg = Debug|Any CPU
		{ABF9DC59-DCFF-45D9-ACF4-83FBF2D93E57}.Debug|Any CPU.Build.0 = Debug|Any CPU
		{ABF9DC59-DCFF-45D9-ACF4-83FBF2D93E57}.Release|Any CPU.ActiveCfg = Release|Any CPU
		{ABF9DC59-DCFF-45D9-ACF4-83FBF2D93E57}.Release|Any CPU.Build.0 = Release|Any CPU
		{70E22ACF-D1DC-4BA8-98A3-000E4EF5F98A}.Debug|Any CPU.ActiveCfg = Debug|Any CPU
		{70E22ACF-D1DC-4BA8-98A3-000E4EF5F98A}.Debug|Any CPU.Build.0 = Debug|Any CPU
		{70E22ACF-D1DC-4BA8-98A3-000E4EF5F98A}.Release|Any CPU.ActiveCfg = Release|Any CPU
		{70E22ACF-D1DC-4BA8-98A3-000E4EF5F98A}.Release|Any CPU.Build.0 = Release|Any CPU
		{1D9A5611-FB9F-421C-AAA6-C3F68A6B69FB}.Debug|Any CPU.ActiveCfg = Debug|Any CPU
		{1D9A5611-FB9F-421C-AAA6-C3F68A6B69FB}.Debug|Any CPU.Build.0 = Debug|Any CPU
		{1D9A5611-FB9F-421C-AAA6-C3F68A6B69FB}.Release|Any CPU.ActiveCfg = Release|Any CPU
		{1D9A5611-FB9F-421C-AAA6-C3F68A6B69FB}.Release|Any CPU.Build.0 = Release|Any CPU
		{CEDF8DEE-BF03-4564-8D94-CD91E52AC886}.Debug|Any CPU.ActiveCfg = Debug|Any CPU
		{CEDF8DEE-BF03-4564-8D94-CD91E52AC886}.Debug|Any CPU.Build.0 = Debug|Any CPU
		{CEDF8DEE-BF03-4564-8D94-CD91E52AC886}.Release|Any CPU.ActiveCfg = Release|Any CPU
		{CEDF8DEE-BF03-4564-8D94-CD91E52AC886}.Release|Any CPU.Build.0 = Release|Any CPU
	EndGlobalSection
EndGlobal
